
Microsoft Visual Studio Solution File, Format Version 12.00
# Visual Studio Version 17
VisualStudioVersion = 17.8.0.0
MinimumVisualStudioVersion = 17.8.0.0
Project("{9A19103F-16F7-4668-BE54-9A1E7A4F7556}") = "Demo.AppHost", "Demo.AppHost\Demo.AppHost.csproj", "{5C8AFB8D-6616-42D1-9E8B-8ED851DCF0FF}"
EndProject
Project("{9A19103F-16F7-4668-BE54-9A1E7A4F7556}") = "Demo.ServiceDefaults", "Demo.ServiceDefaults\Demo.ServiceDefaults.csproj", "{C6933435-E6FA-4A91-B2DF-40977687BBCD}"
EndProject
Project("{9A19103F-16F7-4668-BE54-9A1E7A4F7556}") = "Demo.Catalog", "Demo.Catalog\Demo.Catalog.csproj", "{C04AC06E-E273-4D25-A1CF-036F1430BB0A}"
EndProject
Global
	GlobalSection(SolutionConfigurationPlatforms) = preSolution
		Debug|Any CPU = Debug|Any CPU
		Release|Any CPU = Release|Any CPU
	EndGlobalSection
	GlobalSection(ProjectConfigurationPlatforms) = postSolution
		{5C8AFB8D-6616-42D1-9E8B-8ED851DCF0FF}.Debug|Any CPU.ActiveCfg = Debug|Any CPU
		{5C8AFB8D-6616-42D1-9E8B-8ED851DCF0FF}.Debug|Any CPU.Build.0 = Debug|Any CPU
		{5C8AFB8D-6616-42D1-9E8B-8ED851DCF0FF}.Release|Any CPU.ActiveCfg = Release|Any CPU
		{5C8AFB8D-6616-42D1-9E8B-8ED851DCF0FF}.Release|Any CPU.Build.0 = Release|Any CPU
		{C6933435-E6FA-4A91-B2DF-40977687BBCD}.Debug|Any CPU.ActiveCfg = Debug|Any CPU
		{C6933435-E6FA-4A91-B2DF-40977687BBCD}.Debug|Any CPU.Build.0 = Debug|Any CPU
		{C6933435-E6FA-4A91-B2DF-40977687BBCD}.Release|Any CPU.ActiveCfg = Release|Any CPU
		{C6933435-E6FA-4A91-B2DF-40977687BBCD}.Release|Any CPU.Build.0 = Release|Any CPU
		{C04AC06E-E273-4D25-A1CF-036F1430BB0A}.Debug|Any CPU.ActiveCfg = Debug|Any CPU
		{C04AC06E-E273-4D25-A1CF-036F1430BB0A}.Debug|Any CPU.Build.0 = Debug|Any CPU
		{C04AC06E-E273-4D25-A1CF-036F1430BB0A}.Release|Any CPU.ActiveCfg = Release|Any CPU
		{C04AC06E-E273-4D25-A1CF-036F1430BB0A}.Release|Any CPU.Build.0 = Release|Any CPU
	EndGlobalSection
	GlobalSection(SolutionProperties) = preSolution
		HideSolutionNode = FALSE
	EndGlobalSection
	GlobalSection(ExtensibilityGlobals) = postSolution
		SolutionGuid = {1A0A0203-69F8-4B96-88EA-8FC40C731915}
	EndGlobalSection
EndGlobal
